
Microsoft Visual Studio Solution File, Format Version 12.00
# Visual Studio 2015
Project("{FAE04EC0-301F-11D3-BF4B-00C04F79EFBC}") = "UnityVS.AIEngineNew.CSharp", "UnityVS.AIEngineNew.CSharp.csproj", "{98F169BC-8D23-A66C-61BE-89A7E93C9375}"
EndProject
Project("{FAE04EC0-301F-11D3-BF4B-00C04F79EFBC}") = "UnityVS.AIEngineNew.CSharp.Editor", "UnityVS.AIEngineNew.CSharp.Editor.csproj", "{683E3242-B588-69C6-79FA-10366CE0253D}"
EndProject
Global
	GlobalSection(SolutionConfigurationPlatforms) = preSolution
		Debug|Any CPU = Debug|Any CPU
		Release|Any CPU = Release|Any CPU
	EndGlobalSection
	GlobalSection(ProjectConfigurationPlatforms) = postSolution
		{98F169BC-8D23-A66C-61BE-89A7E93C9375}.Debug|Any CPU.ActiveCfg = Debug|Any CPU
		{98F169BC-8D23-A66C-61BE-89A7E93C9375}.Debug|Any CPU.Build.0 = Debug|Any CPU
		{98F169BC-8D23-A66C-61BE-89A7E93C9375}.Release|Any CPU.ActiveCfg = Release|Any CPU
		{98F169BC-8D23-A66C-61BE-89A7E93C9375}.Release|Any CPU.Build.0 = Release|Any CPU
		{683E3242-B588-69C6-79FA-10366CE0253D}.Debug|Any CPU.ActiveCfg = Debug|Any CPU
		{683E3242-B588-69C6-79FA-10366CE0253D}.Debug|Any CPU.Build.0 = Debug|Any CPU
		{683E3242-B588-69C6-79FA-10366CE0253D}.Release|Any CPU.ActiveCfg = Release|Any CPU
		{683E3242-B588-69C6-79FA-10366CE0253D}.Release|Any CPU.Build.0 = Release|Any CPU
	EndGlobalSection
	GlobalSection(SolutionProperties) = preSolution
		HideSolutionNode = FALSE
	EndGlobalSection
EndGlobal
