
Microsoft Visual Studio Solution File, Format Version 12.00
# Visual Studio 2012
Project("{8BC9CEB8-8B4A-11D0-8D11-00A0C91BC942}") = "libnoise", "libnoise.vcxproj", "{23ADFE26-D154-4C4B-BA67-4A3BB8A69136}"
EndProject
Global
	GlobalSection(SolutionConfigurationPlatforms) = preSolution
		Debug|Win32 = Debug|Win32
		Release|Win32 = Release|Win32
	EndGlobalSection
	GlobalSection(ProjectConfigurationPlatforms) = postSolution
		{23ADFE26-D154-4C4B-BA67-4A3BB8A69136}.Debug|Win32.ActiveCfg = Debug|Win32
		{23ADFE26-D154-4C4B-BA67-4A3BB8A69136}.Debug|Win32.Build.0 = Debug|Win32
		{23ADFE26-D154-4C4B-BA67-4A3BB8A69136}.Release|Win32.ActiveCfg = Release|Win32
		{23ADFE26-D154-4C4B-BA67-4A3BB8A69136}.Release|Win32.Build.0 = Release|Win32
	EndGlobalSection
	GlobalSection(SolutionProperties) = preSolution
		HideSolutionNode = FALSE
	EndGlobalSection
EndGlobal
